Microsoft Visual Studio Solution File, Format Version 9.00
# Visual C++ Express 2005
Project("{8BC9CEB8-8B4A-11D0-8D11-00A0C91BC942}") = "phc25", "phc25.vcproj", "{66E907F7-414A-4034-9036-9AC310709BB8}"
EndProject
Global
	GlobalSection(SolutionConfigurationPlatforms) = preSolution
		Debug|Win32 = Debug|Win32
		Release|Win32 = Release|Win32
	EndGlobalSection
	GlobalSection(ProjectConfigurationPlatforms) = postSolution
		{66E907F7-414A-4034-9036-9AC310709BB8}.Debug|Win32.ActiveCfg = Debug|Win32
		{66E907F7-414A-4034-9036-9AC310709BB8}.Debug|Win32.Build.0 = Debug|Win32
		{66E907F7-414A-4034-9036-9AC310709BB8}.Release|Win32.ActiveCfg = Release|Win32
		{66E907F7-414A-4034-9036-9AC310709BB8}.Release|Win32.Build.0 = Release|Win32
	EndGlobalSection
	GlobalSection(SolutionProperties) = preSolution
		HideSolutionNode = FALSE
	EndGlobalSection
EndGlobal
